
Microsoft Visual Studio Solution File, Format Version 12.00
# Visual Studio Version 16
VisualStudioVersion = 25.0.1700.6
MinimumVisualStudioVersion = 10.0.40219.1
Project("{2150E333-8FDC-42A3-9474-1A3956D46DE8}") = "Src", "Src", "{BD948E9E-BB65-4996-A058-30417B0F471B}"
EndProject
Project("{2150E333-8FDC-42A3-9474-1A3956D46DE8}") = "Test", "Test", "{1ABC9C27-B1E6-457A-B472-0FE222907B37}"
EndProject
Project("{2150E333-8FDC-42A3-9474-1A3956D46DE8}") = "Frameworks", "Frameworks", "{86D94A9B-39BD-4A71-B444-1D07B6548B75}"
EndProject
Project("{2150E333-8FDC-42A3-9474-1A3956D46DE8}") = "Services", "Services", "{F33C124D-DB1D-4C2E-A9E3-CB49DE4316E4}"
EndProject
Project("{2150E333-8FDC-42A3-9474-1A3956D46DE8}") = "Products", "Products", "{08EEAC24-9D90-45D9-8FB1-4C378377ED91}"
EndProject
Project("{FAE04EC0-301F-11D3-BF4B-00C04F79EFBC}") = "Products.Domain", "Src\Services\Products\Products.Domain\Products.Domain.csproj", "{974ECCD6-758E-471C-B02D-A7D0E963BA36}"
EndProject
Project("{FAE04EC0-301F-11D3-BF4B-00C04F79EFBC}") = "Products.DataAccessLayer", "Src\Services\Products\Products.DataAccessLayer\Products.DataAccessLayer.csproj", "{D0802D1B-E315-4033-A92E-392C26127FE5}"
EndProject
Project("{FAE04EC0-301F-11D3-BF4B-00C04F79EFBC}") = "Products.Repository", "Src\Services\Products\Products.Repository\Products.Repository.csproj", "{EC3CD2B5-12A7-438A-9065-B6B0B2F143C6}"
EndProject
Project("{FAE04EC0-301F-11D3-BF4B-00C04F79EFBC}") = "Products.Services", "Src\Services\Products\Products.Services\Products.Services.csproj", "{BE910ADE-FA39-443D-B67E-0FF395E67A1E}"
EndProject
Project("{2150E333-8FDC-42A3-9474-1A3956D46DE8}") = "001-Domain", "001-Domain", "{E6C5A425-C1ED-4B08-857C-A010B21549B7}"
EndProject
Project("{2150E333-8FDC-42A3-9474-1A3956D46DE8}") = "004-EndPoints", "004-EndPoints", "{0945F940-37B6-435D-9678-0DAD3805DD17}"
EndProject
Project("{2150E333-8FDC-42A3-9474-1A3956D46DE8}") = "003-Services", "003-Services", "{75920840-DFDE-4F9C-8C9E-3350DB34C86E}"
EndProject
Project("{2150E333-8FDC-42A3-9474-1A3956D46DE8}") = "002-Infrastructure", "002-Infrastructure", "{FCEA9A8B-5062-43D6-A1EF-B57A728868AA}"
EndProject
Project("{FAE04EC0-301F-11D3-BF4B-00C04F79EFBC}") = "MahdaviEshop.Framework", "Src\Services\Frameworks\MahdaviEshop.Framework\MahdaviEshop.Framework.csproj", "{5E8BA0CE-8862-4FA8-BA67-43E9610B53B3}"
EndProject
Project("{FAE04EC0-301F-11D3-BF4B-00C04F79EFBC}") = "Products.Api", "Src\Services\Products\Products.Api\Products.Api.csproj", "{EE9C6BD1-32EE-4505-8628-6CA236753F31}"
EndProject
Project("{E53339B2-1760-4266-BCC7-CA923CBCF16C}") = "docker-compose", "docker-compose.dcproj", "{9435F6C6-7E20-423D-A1B3-95B720E7F2ED}"
EndProject
Project("{2150E333-8FDC-42A3-9474-1A3956D46DE8}") = "Baskets", "Baskets", "{56E93E1B-0264-44BF-92D5-9C959381A328}"
EndProject
Project("{2150E333-8FDC-42A3-9474-1A3956D46DE8}") = "004-EndPoints", "004-EndPoints", "{2ED9C112-2B9F-4F91-986C-CA2E88EF65C5}"
EndProject
Project("{2150E333-8FDC-42A3-9474-1A3956D46DE8}") = "003-Services", "003-Services", "{C7112260-D43D-4684-98D9-95F82E941F97}"
EndProject
Project("{2150E333-8FDC-42A3-9474-1A3956D46DE8}") = "001-Domains", "001-Domains", "{7684EDF7-E15B-44F2-90BC-AAB80ED218BF}"
EndProject
Project("{2150E333-8FDC-42A3-9474-1A3956D46DE8}") = "002-Infrastructures", "002-Infrastructures", "{C74D36ED-4E1C-4706-9F09-3165B8CF04CB}"
EndProject
Project("{FAE04EC0-301F-11D3-BF4B-00C04F79EFBC}") = "Baskets.Domains", "Src\Services\Baskets\Baskets.Domains\Baskets.Domains.csproj", "{F0177ACB-D0B5-4C18-8B74-7E826C717495}"
EndProject
Project("{FAE04EC0-301F-11D3-BF4B-00C04F79EFBC}") = "Baskets.DataAccessLayers", "Src\Services\Baskets\Baskets.DataAccessLayers\Baskets.DataAccessLayers.csproj", "{2E8F7DD6-1559-4279-B89F-0D0A3264CF31}"
EndProject
Project("{FAE04EC0-301F-11D3-BF4B-00C04F79EFBC}") = "Baskets.Repositories", "Src\Services\Baskets\Baskets.Repositories\Baskets.Repositories.csproj", "{6EB31E1D-29E7-4D85-89E1-34722A0265C8}"
EndProject
Project("{FAE04EC0-301F-11D3-BF4B-00C04F79EFBC}") = "Baskets.Services", "Src\Services\Baskets\Baskets.Services\Baskets.Services.csproj", "{2C156080-E5C8-47F2-8451-0156466353D2}"
EndProject
Project("{FAE04EC0-301F-11D3-BF4B-00C04F79EFBC}") = "Baskets.Api", "Src\Services\Baskets\Baskets.Api\Baskets.Api.csproj", "{586A572D-CB9F-4200-A9D6-DAD22A7FCEF0}"
EndProject
Project("{2150E333-8FDC-42A3-9474-1A3956D46DE8}") = "Discounts", "Discounts", "{E7C5C837-B66C-48E0-949F-AC14EF61A90E}"
EndProject
Project("{2150E333-8FDC-42A3-9474-1A3956D46DE8}") = "004-EndPoints", "004-EndPoints", "{7CBD246A-EF0C-44ED-9F3A-DED67A247903}"
EndProject
Project("{2150E333-8FDC-42A3-9474-1A3956D46DE8}") = "003-Services", "003-Services", "{1B5BE362-8E4D-4430-9F3D-ECF38DEF366B}"
EndProject
Project("{2150E333-8FDC-42A3-9474-1A3956D46DE8}") = "001-Domains", "001-Domains", "{EA133D1F-5744-4987-A34B-E0477F306BD2}"
EndProject
Project("{2150E333-8FDC-42A3-9474-1A3956D46DE8}") = "002-Infrastructurs", "002-Infrastructurs", "{546E3AAB-1DEA-4BC4-B9BD-810DE695D89D}"
EndProject
Project("{FAE04EC0-301F-11D3-BF4B-00C04F79EFBC}") = "Discounts.Domains", "Src\Services\Discounts\Discounts.Domains\Discounts.Domains.csproj", "{FB13F391-C2EC-43A7-A9AD-CC8437877BE5}"
EndProject
Project("{FAE04EC0-301F-11D3-BF4B-00C04F79EFBC}") = "Discounts.Api", "Src\Services\Discounts\Discounts.Api\Discounts.Api.csproj", "{4A1F46F3-3263-40EB-9CDC-BE562DCB3D24}"
EndProject
Project("{FAE04EC0-301F-11D3-BF4B-00C04F79EFBC}") = "Discounts.DataAccessLayers", "Src\Services\Discounts\Discounts.DataAccessLayers\Discounts.DataAccessLayers.csproj", "{F6FB48B1-6402-4E67-8001-3C29FB3A1F09}"
EndProject
Project("{FAE04EC0-301F-11D3-BF4B-00C04F79EFBC}") = "Discounts.Services", "Src\Services\Discounts\Discounts.Services\Discounts.Services.csproj", "{F0B3EF91-033C-42D4-AA94-F70A052B510D}"
EndProject
Project("{FAE04EC0-301F-11D3-BF4B-00C04F79EFBC}") = "Discounts.Repositories", "Src\Services\Discounts\Discounts.Repositories\Discounts.Repositories.csproj", "{E978D68C-834A-418B-9C30-ED1D8B2D2278}"
EndProject
Project("{2150E333-8FDC-42A3-9474-1A3956D46DE8}") = "BuildingBlocks", "BuildingBlocks", "{3FC405C7-D485-40E6-A0F1-8FBD69347FA6}"
EndProject
Project("{FAE04EC0-301F-11D3-BF4B-00C04F79EFBC}") = "EventBus.Messages", "Src\BuildingBlocks\EventBus.Messages\EventBus.Messages.csproj", "{ED4AAB13-7F4E-4583-8384-F77CFD63AD7A}"
EndProject
Project("{2150E333-8FDC-42A3-9474-1A3956D46DE8}") = "LoggingServices", "LoggingServices", "{7C24B986-4D6A-4373-8B4D-8E03FD84B148}"
EndProject
Project("{2150E333-8FDC-42A3-9474-1A3956D46DE8}") = "004-EndPoints", "004-EndPoints", "{0449D148-9936-4C3A-A3E5-798DC34C91B3}"
EndProject
Project("{2150E333-8FDC-42A3-9474-1A3956D46DE8}") = "003-Services", "003-Services", "{0401A626-2477-4336-AD58-D9C8B58FD317}"
EndProject
Project("{2150E333-8FDC-42A3-9474-1A3956D46DE8}") = "001-Domains", "001-Domains", "{6CBC170C-59E4-4F0E-A30F-C20ED2C19E18}"
EndProject
Project("{2150E333-8FDC-42A3-9474-1A3956D46DE8}") = "002-Infrastructures", "002-Infrastructures", "{1645E2B5-4BC5-4A87-B4E1-3FD75E7D2CF5}"
EndProject
Project("{FAE04EC0-301F-11D3-BF4B-00C04F79EFBC}") = "LoggingServices.Domains", "Src\Services\LoggingServices\LoggingServices.Domains\LoggingServices.Domains.csproj", "{DDDC061B-09C0-4FD9-BE87-A691520C6C04}"
EndProject
Project("{FAE04EC0-301F-11D3-BF4B-00C04F79EFBC}") = "LoggingServices.DataAccessLayers", "Src\Services\LoggingServices\LoggingServices.DataAccessLayers\LoggingServices.DataAccessLayers.csproj", "{C26D31A9-E949-4426-A2DA-799A436ECEA8}"
EndProject
Project("{FAE04EC0-301F-11D3-BF4B-00C04F79EFBC}") = "LoggingServices.Repositories", "Src\Services\LoggingServices\LoggingServices.Repositories\LoggingServices.Repositories.csproj", "{0ED37E3E-E95F-4C44-A0EA-CDD9D1405DEA}"
EndProject
Project("{FAE04EC0-301F-11D3-BF4B-00C04F79EFBC}") = "LoggingServices.Services", "Src\Services\LoggingServices\LoggingServices.Services\LoggingServices.Services.csproj", "{576CE4DF-A2AE-4FBB-804D-6611C4C284AB}"
EndProject
Project("{FAE04EC0-301F-11D3-BF4B-00C04F79EFBC}") = "LoggingServices.Api", "Src\Services\LoggingServices\LoggingServices.Api\LoggingServices.Api.csproj", "{66B0F20C-7587-4969-9085-CC615122E4FE}"
EndProject
Global
	GlobalSection(SolutionConfigurationPlatforms) = preSolution
		Debug|Any CPU = Debug|Any CPU
		Release|Any CPU = Release|Any CPU
	EndGlobalSection
	GlobalSection(ProjectConfigurationPlatforms) = postSolution
		{974ECCD6-758E-471C-B02D-A7D0E963BA36}.Debug|Any CPU.ActiveCfg = Debug|Any CPU
		{974ECCD6-758E-471C-B02D-A7D0E963BA36}.Debug|Any CPU.Build.0 = Debug|Any CPU
		{974ECCD6-758E-471C-B02D-A7D0E963BA36}.Release|Any CPU.ActiveCfg = Release|Any CPU
		{974ECCD6-758E-471C-B02D-A7D0E963BA36}.Release|Any CPU.Build.0 = Release|Any CPU
		{D0802D1B-E315-4033-A92E-392C26127FE5}.Debug|Any CPU.ActiveCfg = Debug|Any CPU
		{D0802D1B-E315-4033-A92E-392C26127FE5}.Debug|Any CPU.Build.0 = Debug|Any CPU
		{D0802D1B-E315-4033-A92E-392C26127FE5}.Release|Any CPU.ActiveCfg = Release|Any CPU
		{D0802D1B-E315-4033-A92E-392C26127FE5}.Release|Any CPU.Build.0 = Release|Any CPU
		{EC3CD2B5-12A7-438A-9065-B6B0B2F143C6}.Debug|Any CPU.ActiveCfg = Debug|Any CPU
		{EC3CD2B5-12A7-438A-9065-B6B0B2F143C6}.Debug|Any CPU.Build.0 = Debug|Any CPU
		{EC3CD2B5-12A7-438A-9065-B6B0B2F143C6}.Release|Any CPU.ActiveCfg = Release|Any CPU
		{EC3CD2B5-12A7-438A-9065-B6B0B2F143C6}.Release|Any CPU.Build.0 = Release|Any CPU
		{BE910ADE-FA39-443D-B67E-0FF395E67A1E}.Debug|Any CPU.ActiveCfg = Debug|Any CPU
		{BE910ADE-FA39-443D-B67E-0FF395E67A1E}.Debug|Any CPU.Build.0 = Debug|Any CPU
		{BE910ADE-FA39-443D-B67E-0FF395E67A1E}.Release|Any CPU.ActiveCfg = Release|Any CPU
		{BE910ADE-FA39-443D-B67E-0FF395E67A1E}.Release|Any CPU.Build.0 = Release|Any CPU
		{5E8BA0CE-8862-4FA8-BA67-43E9610B53B3}.Debug|Any CPU.ActiveCfg = Debug|Any CPU
		{5E8BA0CE-8862-4FA8-BA67-43E9610B53B3}.Debug|Any CPU.Build.0 = Debug|Any CPU
		{5E8BA0CE-8862-4FA8-BA67-43E9610B53B3}.Release|Any CPU.ActiveCfg = Release|Any CPU
		{5E8BA0CE-8862-4FA8-BA67-43E9610B53B3}.Release|Any CPU.Build.0 = Release|Any CPU
		{EE9C6BD1-32EE-4505-8628-6CA236753F31}.Debug|Any CPU.ActiveCfg = Debug|Any CPU
		{EE9C6BD1-32EE-4505-8628-6CA236753F31}.Debug|Any CPU.Build.0 = Debug|Any CPU
		{EE9C6BD1-32EE-4505-8628-6CA236753F31}.Release|Any CPU.ActiveCfg = Release|Any CPU
		{EE9C6BD1-32EE-4505-8628-6CA236753F31}.Release|Any CPU.Build.0 = Release|Any CPU
		{9435F6C6-7E20-423D-A1B3-95B720E7F2ED}.Debug|Any CPU.ActiveCfg = Debug|Any CPU
		{9435F6C6-7E20-423D-A1B3-95B720E7F2ED}.Debug|Any CPU.Build.0 = Debug|Any CPU
		{9435F6C6-7E20-423D-A1B3-95B720E7F2ED}.Release|Any CPU.ActiveCfg = Release|Any CPU
		{9435F6C6-7E20-423D-A1B3-95B720E7F2ED}.Release|Any CPU.Build.0 = Release|Any CPU
		{F0177ACB-D0B5-4C18-8B74-7E826C717495}.Debug|Any CPU.ActiveCfg = Debug|Any CPU
		{F0177ACB-D0B5-4C18-8B74-7E826C717495}.Debug|Any CPU.Build.0 = Debug|Any CPU
		{F0177ACB-D0B5-4C18-8B74-7E826C717495}.Release|Any CPU.ActiveCfg = Release|Any CPU
		{F0177ACB-D0B5-4C18-8B74-7E826C717495}.Release|Any CPU.Build.0 = Release|Any CPU
		{2E8F7DD6-1559-4279-B89F-0D0A3264CF31}.Debug|Any CPU.ActiveCfg = Debug|Any CPU
		{2E8F7DD6-1559-4279-B89F-0D0A3264CF31}.Debug|Any CPU.Build.0 = Debug|Any CPU
		{2E8F7DD6-1559-4279-B89F-0D0A3264CF31}.Release|Any CPU.ActiveCfg = Release|Any CPU
		{2E8F7DD6-1559-4279-B89F-0D0A3264CF31}.Release|Any CPU.Build.0 = Release|Any CPU
		{6EB31E1D-29E7-4D85-89E1-34722A0265C8}.Debug|Any CPU.ActiveCfg = Debug|Any CPU
		{6EB31E1D-29E7-4D85-89E1-34722A0265C8}.Debug|Any CPU.Build.0 = Debug|Any CPU
		{6EB31E1D-29E7-4D85-89E1-34722A0265C8}.Release|Any CPU.ActiveCfg = Release|Any CPU
		{6EB31E1D-29E7-4D85-89E1-34722A0265C8}.Release|Any CPU.Build.0 = Release|Any CPU
		{2C156080-E5C8-47F2-8451-0156466353D2}.Debug|Any CPU.ActiveCfg = Debug|Any CPU
		{2C156080-E5C8-47F2-8451-0156466353D2}.Debug|Any CPU.Build.0 = Debug|Any CPU
		{2C156080-E5C8-47F2-8451-0156466353D2}.Release|Any CPU.ActiveCfg = Release|Any CPU
		{2C156080-E5C8-47F2-8451-0156466353D2}.Release|Any CPU.Build.0 = Release|Any CPU
		{586A572D-CB9F-4200-A9D6-DAD22A7FCEF0}.Debug|Any CPU.ActiveCfg = Debug|Any CPU
		{586A572D-CB9F-4200-A9D6-DAD22A7FCEF0}.Debug|Any CPU.Build.0 = Debug|Any CPU
		{586A572D-CB9F-4200-A9D6-DAD22A7FCEF0}.Release|Any CPU.ActiveCfg = Release|Any CPU
		{586A572D-CB9F-4200-A9D6-DAD22A7FCEF0}.Release|Any CPU.Build.0 = Release|Any CPU
		{FB13F391-C2EC-43A7-A9AD-CC8437877BE5}.Debug|Any CPU.ActiveCfg = Debug|Any CPU
		{FB13F391-C2EC-43A7-A9AD-CC8437877BE5}.Debug|Any CPU.Build.0 = Debug|Any CPU
		{FB13F391-C2EC-43A7-A9AD-CC8437877BE5}.Release|Any CPU.ActiveCfg = Release|Any CPU
		{FB13F391-C2EC-43A7-A9AD-CC8437877BE5}.Release|Any CPU.Build.0 = Release|Any CPU
		{4A1F46F3-3263-40EB-9CDC-BE562DCB3D24}.Debug|Any CPU.ActiveCfg = Debug|Any CPU
		{4A1F46F3-3263-40EB-9CDC-BE562DCB3D24}.Debug|Any CPU.Build.0 = Debug|Any CPU
		{4A1F46F3-3263-40EB-9CDC-BE562DCB3D24}.Release|Any CPU.ActiveCfg = Release|Any CPU
		{4A1F46F3-3263-40EB-9CDC-BE562DCB3D24}.Release|Any CPU.Build.0 = Release|Any CPU
		{F6FB48B1-6402-4E67-8001-3C29FB3A1F09}.Debug|Any CPU.ActiveCfg = Debug|Any CPU
		{F6FB48B1-6402-4E67-8001-3C29FB3A1F09}.Debug|Any CPU.Build.0 = Debug|Any CPU
		{F6FB48B1-6402-4E67-8001-3C29FB3A1F09}.Release|Any CPU.ActiveCfg = Release|Any CPU
		{F6FB48B1-6402-4E67-8001-3C29FB3A1F09}.Release|Any CPU.Build.0 = Release|Any CPU
		{F0B3EF91-033C-42D4-AA94-F70A052B510D}.Debug|Any CPU.ActiveCfg = Debug|Any CPU
		{F0B3EF91-033C-42D4-AA94-F70A052B510D}.Debug|Any CPU.Build.0 = Debug|Any CPU
		{F0B3EF91-033C-42D4-AA94-F70A052B510D}.Release|Any CPU.ActiveCfg = Release|Any CPU
		{F0B3EF91-033C-42D4-AA94-F70A052B510D}.Release|Any CPU.Build.0 = Release|Any CPU
		{E978D68C-834A-418B-9C30-ED1D8B2D2278}.Debug|Any CPU.ActiveCfg = Debug|Any CPU
		{E978D68C-834A-418B-9C30-ED1D8B2D2278}.Debug|Any CPU.Build.0 = Debug|Any CPU
		{E978D68C-834A-418B-9C30-ED1D8B2D2278}.Release|Any CPU.ActiveCfg = Release|Any CPU
		{E978D68C-834A-418B-9C30-ED1D8B2D2278}.Release|Any CPU.Build.0 = Release|Any CPU
		{ED4AAB13-7F4E-4583-8384-F77CFD63AD7A}.Debug|Any CPU.ActiveCfg = Debug|Any CPU
		{ED4AAB13-7F4E-4583-8384-F77CFD63AD7A}.Debug|Any CPU.Build.0 = Debug|Any CPU
		{ED4AAB13-7F4E-4583-8384-F77CFD63AD7A}.Release|Any CPU.ActiveCfg = Release|Any CPU
		{ED4AAB13-7F4E-4583-8384-F77CFD63AD7A}.Release|Any CPU.Build.0 = Release|Any CPU
		{DDDC061B-09C0-4FD9-BE87-A691520C6C04}.Debug|Any CPU.ActiveCfg = Debug|Any CPU
		{DDDC061B-09C0-4FD9-BE87-A691520C6C04}.Debug|Any CPU.Build.0 = Debug|Any CPU
		{DDDC061B-09C0-4FD9-BE87-A691520C6C04}.Release|Any CPU.ActiveCfg = Release|Any CPU
		{DDDC061B-09C0-4FD9-BE87-A691520C6C04}.Release|Any CPU.Build.0 = Release|Any CPU
		{C26D31A9-E949-4426-A2DA-799A436ECEA8}.Debug|Any CPU.ActiveCfg = Debug|Any CPU
		{C26D31A9-E949-4426-A2DA-799A436ECEA8}.Debug|Any CPU.Build.0 = Debug|Any CPU
		{C26D31A9-E949-4426-A2DA-799A436ECEA8}.Release|Any CPU.ActiveCfg = Release|Any CPU
		{C26D31A9-E949-4426-A2DA-799A436ECEA8}.Release|Any CPU.Build.0 = Release|Any CPU
		{0ED37E3E-E95F-4C44-A0EA-CDD9D1405DEA}.Debug|Any CPU.ActiveCfg = Debug|Any CPU
		{0ED37E3E-E95F-4C44-A0EA-CDD9D1405DEA}.Debug|Any CPU.Build.0 = Debug|Any CPU
		{0ED37E3E-E95F-4C44-A0EA-CDD9D1405DEA}.Release|Any CPU.ActiveCfg = Release|Any CPU
		{0ED37E3E-E95F-4C44-A0EA-CDD9D1405DEA}.Release|Any CPU.Build.0 = Release|Any CPU
		{576CE4DF-A2AE-4FBB-804D-6611C4C284AB}.Debug|Any CPU.ActiveCfg = Debug|Any CPU
		{576CE4DF-A2AE-4FBB-804D-6611C4C284AB}.Debug|Any CPU.Build.0 = Debug|Any CPU
		{576CE4DF-A2AE-4FBB-804D-6611C4C284AB}.Release|Any CPU.ActiveCfg = Release|Any CPU
		{576CE4DF-A2AE-4FBB-804D-6611C4C284AB}.Release|Any CPU.Build.0 = Release|Any CPU
		{66B0F20C-7587-4969-9085-CC615122E4FE}.Debug|Any CPU.ActiveCfg = Debug|Any CPU
		{66B0F20C-7587-4969-9085-CC615122E4FE}.Debug|Any CPU.Build.0 = Debug|Any CPU
		{66B0F20C-7587-4969-9085-CC615122E4FE}.Release|Any CPU.ActiveCfg = Release|Any CPU
		{66B0F20C-7587-4969-9085-CC615122E4FE}.Release|Any CPU.Build.0 = Release|Any CPU
	EndGlobalSection
	GlobalSection(SolutionProperties) = preSolution
		HideSolutionNode = FALSE
	EndGlobalSection
	GlobalSection(ExtensibilityGlobals) = postSolution
		SolutionGuid = {61DFE97C-AFED-4D14-AAC2-EBDE1999055D}
	EndGlobalSection
	GlobalSection(NestedProjects) = preSolution
		{86D94A9B-39BD-4A71-B444-1D07B6548B75} = {F33C124D-DB1D-4C2E-A9E3-CB49DE4316E4}
		{F33C124D-DB1D-4C2E-A9E3-CB49DE4316E4} = {BD948E9E-BB65-4996-A058-30417B0F471B}
		{08EEAC24-9D90-45D9-8FB1-4C378377ED91} = {F33C124D-DB1D-4C2E-A9E3-CB49DE4316E4}
		{974ECCD6-758E-471C-B02D-A7D0E963BA36} = {E6C5A425-C1ED-4B08-857C-A010B21549B7}
		{D0802D1B-E315-4033-A92E-392C26127FE5} = {FCEA9A8B-5062-43D6-A1EF-B57A728868AA}
		{EC3CD2B5-12A7-438A-9065-B6B0B2F143C6} = {FCEA9A8B-5062-43D6-A1EF-B57A728868AA}
		{BE910ADE-FA39-443D-B67E-0FF395E67A1E} = {75920840-DFDE-4F9C-8C9E-3350DB34C86E}
		{E6C5A425-C1ED-4B08-857C-A010B21549B7} = {08EEAC24-9D90-45D9-8FB1-4C378377ED91}
		{0945F940-37B6-435D-9678-0DAD3805DD17} = {08EEAC24-9D90-45D9-8FB1-4C378377ED91}
		{75920840-DFDE-4F9C-8C9E-3350DB34C86E} = {08EEAC24-9D90-45D9-8FB1-4C378377ED91}
		{FCEA9A8B-5062-43D6-A1EF-B57A728868AA} = {08EEAC24-9D90-45D9-8FB1-4C378377ED91}
		{5E8BA0CE-8862-4FA8-BA67-43E9610B53B3} = {86D94A9B-39BD-4A71-B444-1D07B6548B75}
		{EE9C6BD1-32EE-4505-8628-6CA236753F31} = {0945F940-37B6-435D-9678-0DAD3805DD17}
		{56E93E1B-0264-44BF-92D5-9C959381A328} = {F33C124D-DB1D-4C2E-A9E3-CB49DE4316E4}
		{2ED9C112-2B9F-4F91-986C-CA2E88EF65C5} = {56E93E1B-0264-44BF-92D5-9C959381A328}
		{C7112260-D43D-4684-98D9-95F82E941F97} = {56E93E1B-0264-44BF-92D5-9C959381A328}
		{7684EDF7-E15B-44F2-90BC-AAB80ED218BF} = {56E93E1B-0264-44BF-92D5-9C959381A328}
		{C74D36ED-4E1C-4706-9F09-3165B8CF04CB} = {56E93E1B-0264-44BF-92D5-9C959381A328}
		{F0177ACB-D0B5-4C18-8B74-7E826C717495} = {7684EDF7-E15B-44F2-90BC-AAB80ED218BF}
		{2E8F7DD6-1559-4279-B89F-0D0A3264CF31} = {C74D36ED-4E1C-4706-9F09-3165B8CF04CB}
		{6EB31E1D-29E7-4D85-89E1-34722A0265C8} = {C74D36ED-4E1C-4706-9F09-3165B8CF04CB}
		{2C156080-E5C8-47F2-8451-0156466353D2} = {C7112260-D43D-4684-98D9-95F82E941F97}
		{586A572D-CB9F-4200-A9D6-DAD22A7FCEF0} = {2ED9C112-2B9F-4F91-986C-CA2E88EF65C5}
		{E7C5C837-B66C-48E0-949F-AC14EF61A90E} = {F33C124D-DB1D-4C2E-A9E3-CB49DE4316E4}
		{7CBD246A-EF0C-44ED-9F3A-DED67A247903} = {E7C5C837-B66C-48E0-949F-AC14EF61A90E}
		{1B5BE362-8E4D-4430-9F3D-ECF38DEF366B} = {E7C5C837-B66C-48E0-949F-AC14EF61A90E}
		{EA133D1F-5744-4987-A34B-E0477F306BD2} = {E7C5C837-B66C-48E0-949F-AC14EF61A90E}
		{546E3AAB-1DEA-4BC4-B9BD-810DE695D89D} = {E7C5C837-B66C-48E0-949F-AC14EF61A90E}
		{FB13F391-C2EC-43A7-A9AD-CC8437877BE5} = {EA133D1F-5744-4987-A34B-E0477F306BD2}
		{4A1F46F3-3263-40EB-9CDC-BE562DCB3D24} = {7CBD246A-EF0C-44ED-9F3A-DED67A247903}
		{F6FB48B1-6402-4E67-8001-3C29FB3A1F09} = {546E3AAB-1DEA-4BC4-B9BD-810DE695D89D}
		{F0B3EF91-033C-42D4-AA94-F70A052B510D} = {1B5BE362-8E4D-4430-9F3D-ECF38DEF366B}
		{E978D68C-834A-418B-9C30-ED1D8B2D2278} = {546E3AAB-1DEA-4BC4-B9BD-810DE695D89D}
		{3FC405C7-D485-40E6-A0F1-8FBD69347FA6} = {BD948E9E-BB65-4996-A058-30417B0F471B}
		{ED4AAB13-7F4E-4583-8384-F77CFD63AD7A} = {3FC405C7-D485-40E6-A0F1-8FBD69347FA6}
		{7C24B986-4D6A-4373-8B4D-8E03FD84B148} = {F33C124D-DB1D-4C2E-A9E3-CB49DE4316E4}
		{0449D148-9936-4C3A-A3E5-798DC34C91B3} = {7C24B986-4D6A-4373-8B4D-8E03FD84B148}
		{0401A626-2477-4336-AD58-D9C8B58FD317} = {7C24B986-4D6A-4373-8B4D-8E03FD84B148}
		{6CBC170C-59E4-4F0E-A30F-C20ED2C19E18} = {7C24B986-4D6A-4373-8B4D-8E03FD84B148}
		{1645E2B5-4BC5-4A87-B4E1-3FD75E7D2CF5} = {7C24B986-4D6A-4373-8B4D-8E03FD84B148}
		{DDDC061B-09C0-4FD9-BE87-A691520C6C04} = {6CBC170C-59E4-4F0E-A30F-C20ED2C19E18}
		{C26D31A9-E949-4426-A2DA-799A436ECEA8} = {1645E2B5-4BC5-4A87-B4E1-3FD75E7D2CF5}
		{0ED37E3E-E95F-4C44-A0EA-CDD9D1405DEA} = {1645E2B5-4BC5-4A87-B4E1-3FD75E7D2CF5}
		{576CE4DF-A2AE-4FBB-804D-6611C4C284AB} = {0401A626-2477-4336-AD58-D9C8B58FD317}
		{66B0F20C-7587-4969-9085-CC615122E4FE} = {0449D148-9936-4C3A-A3E5-798DC34C91B3}
	EndGlobalSection
EndGlobal
